
Microsoft Visual Studio Solution File, Format Version 12.00
# Visual Studio Version 17
VisualStudioVersion = 17.10.34916.146
MinimumVisualStudioVersion = 10.0.40219.1
Project("{FAE04EC0-301F-11D3-BF4B-00C04F79EFBC}") = "SY22_PRRPRR02_08_Generiska_Statiska", "SY22_PRRPRR02_08_Generiska_Statiska\SY22_PRRPRR02_08_Generiska_Statiska.csproj", "{226845A9-4D47-49CF-A359-665F8F5749DD}"
EndProject
Global
	GlobalSection(SolutionConfigurationPlatforms) = preSolution
		Debug|Any CPU = Debug|Any CPU
		Release|Any CPU = Release|Any CPU
	EndGlobalSection
	GlobalSection(ProjectConfigurationPlatforms) = postSolution
		{226845A9-4D47-49CF-A359-665F8F5749DD}.Debug|Any CPU.ActiveCfg = Debug|Any CPU
		{226845A9-4D47-49CF-A359-665F8F5749DD}.Debug|Any CPU.Build.0 = Debug|Any CPU
		{226845A9-4D47-49CF-A359-665F8F5749DD}.Release|Any CPU.ActiveCfg = Release|Any CPU
		{226845A9-4D47-49CF-A359-665F8F5749DD}.Release|Any CPU.Build.0 = Release|Any CPU
	EndGlobalSection
	GlobalSection(SolutionProperties) = preSolution
		HideSolutionNode = FALSE
	EndGlobalSection
	GlobalSection(ExtensibilityGlobals) = postSolution
		SolutionGuid = {B7BDC9B1-91D6-46C2-A0EE-39B510E87F4C}
	EndGlobalSection
EndGlobal
